Microsoft Visual Studio Solution File, Format Version 12.00
# Visual Studio Version 17
VisualStudioVersion = 17.0.31912.275
MinimumVisualStudioVersion = 10.0.40219.1
Project("{9A19103F-16F7-4668-BE54-9A1E7A4F7556}") = "The6Bits.Logging", "The6Bits.BitOHealth.Logging\The6Bits.Logging.csproj", "{56AB64F0-28A5-4502-BCED-414A4476EC77}"
	ProjectSection(ProjectDependencies) = postProject
		{341827C8-53AE-4F45-A74D-27E2EFCF1C73} = {341827C8-53AE-4F45-A74D-27E2EFCF1C73}
	EndProjectSection
EndProject
Project("{2150E333-8FDC-42A3-9474-1A3956D46DE8}") = "Logging", "Logging", "{D8459BE7-A930-4B65-B2BE-42A22BF68C8F}"
EndProject
Project("{9A19103F-16F7-4668-BE54-9A1E7A4F7556}") = "The6Bits.BitOHealth.ServiceLayer", "The6Bits.BitOHealth.ServiceLayer\The6Bits.BitOHealth.ServiceLayer.csproj", "{54B24C94-87DC-4B48-B133-2E9E29FF1B81}"
EndProject
Project("{9A19103F-16F7-4668-BE54-9A1E7A4F7556}") = "The6Bits.BitOHealth.ControllerLayer", "The6Bits.BitOHealth.ControllerLayer\The6Bits.BitOHealth.ControllerLayer.csproj", "{D7327072-6523-48C9-8198-F4B48C666604}"
EndProject
Project("{2150E333-8FDC-42A3-9474-1A3956D46DE8}") = "Solution Items", "Solution Items", "{7E8B630E-9460-4545-81A0-9226DEC38766}"
	ProjectSection(SolutionItems) = preProject
		.gitignore = .gitignore
	EndProjectSection
EndProject
Project("{9A19103F-16F7-4668-BE54-9A1E7A4F7556}") = "The6Bits.BitOHealth.ManagerLayer", "The6Bits.BitOHealth.ManagerLayer\The6Bits.BitOHealth.ManagerLayer.csproj", "{445216F7-730F-4498-9E75-FC687BEA775F}"
EndProject
Project("{9A19103F-16F7-4668-BE54-9A1E7A4F7556}") = "The6Bits.BitOHealth.Models", "Models\The6Bits.BitOHealth.Models.csproj", "{341827C8-53AE-4F45-A74D-27E2EFCF1C73}"
EndProject
Project("{9A19103F-16F7-4668-BE54-9A1E7A4F7556}") = "The6Bits.BitOHealth.DAL", "The6Bits.BitOHealth.DAL\The6Bits.BitOHealth.DAL.csproj", "{AF19AC61-C862-4A74-8CAF-B92CF6A99452}"
EndProject
Project("{9A19103F-16F7-4668-BE54-9A1E7A4F7556}") = "The6Bits.Logging.DAL", "The6Bits.Logging.DAL\The6Bits.Logging.DAL.csproj", "{10305673-FC2B-45CA-A4AB-4684EBE6AFB4}"
EndProject
Project("{9A19103F-16F7-4668-BE54-9A1E7A4F7556}") = "The6Bits.Logging.Models", "The6Bits.Logging.Models\The6Bits.Logging.Models.csproj", "{D79C8CD7-E325-41E1-BD71-5FFCEFFF0B6D}"
EndProject
Project("{9A19103F-16F7-4668-BE54-9A1E7A4F7556}") = "The6Bits.Authentication", "The6Bits.Authentication\The6Bits.Authentication.csproj", "{CC1E728B-E33D-45D5-999B-55ACD879391C}"
EndProject
Project("{9A19103F-16F7-4668-BE54-9A1E7A4F7556}") = "WebAppAPI", "WebAppAPI\WebAppAPI.csproj", "{132F4EF6-F6AF-4A9B-8C30-BA5A0E912648}"
EndProject
Project("{9A19103F-16F7-4668-BE54-9A1E7A4F7556}") = "The6Bits.Authorization", "The6Bits.Authorization\The6Bits.Authorization.csproj", "{5C85CA0C-9442-4807-B053-5A7825CD83EB}"
EndProject
Project("{2150E333-8FDC-42A3-9474-1A3956D46DE8}") = "Tests", "Tests", "{FA5BFC28-6E48-4A14-8698-79CA6508D73A}"
	ProjectSection(SolutionItems) = preProject
		Tests\.DS_Store = Tests\.DS_Store
		Tests\TestAccountData.json = Tests\TestAccountData.json
	EndProjectSection
EndProject
Project("{9A19103F-16F7-4668-BE54-9A1E7A4F7556}") = "The6Bits.Authorization.Tests", "Tests\The6Bits.Authorization.Tests\The6Bits.Authorization.Tests.csproj", "{B9E84952-E4B2-48BB-A7CD-89197F6B5A77}"
EndProject
Project("{9A19103F-16F7-4668-BE54-9A1E7A4F7556}") = "The6Bits.BitOHealth.DAL.Tests", "Tests\The6Bits.BitOHealh.DAL.Tests\The6Bits.BitOHealth.DAL.Tests.csproj", "{2F46774B-4C38-4202-9FF8-522280B27B7A}"
EndProject
Project("{9A19103F-16F7-4668-BE54-9A1E7A4F7556}") = "The6Bits.BitOHealth.ServiceLayer.Test", "Tests\The6Bits.BitOHealth.ServiceLayer.Test\The6Bits.BitOHealth.ServiceLayer.Test.csproj", "{119CE180-1661-4091-91E6-ACBE39D37091}"
EndProject
Project("{2150E333-8FDC-42A3-9474-1A3956D46DE8}") = "TestData", "TestData", "{6BAA515F-55E7-4BA9-9150-A36B473DE2C1}"
	ProjectSection(SolutionItems) = preProject
		Tests\TestData\AccountTestData.csv = Tests\TestData\AccountTestData.csv
		Tests\TestData\AccountTestData.json = Tests\TestData\AccountTestData.json
		Tests\TestData\FailedAttemptsData.json = Tests\TestData\FailedAttemptsData.json
		Tests\TestData\InvalidUsernameTestData.json = Tests\TestData\InvalidUsernameTestData.json
		Tests\TestData\OTPModelTestData.json = Tests\TestData\OTPModelTestData.json
	EndProjectSection
EndProject
Project("{9A19103F-16F7-4668-BE54-9A1E7A4F7556}") = "The6Bits.DBErrors", "The6Bits.DBErrors\The6Bits.DBErrors.csproj", "{DD54B656-0F37-4227-8469-F21C9D44DD52}"
EndProject
Project("{9A19103F-16F7-4668-BE54-9A1E7A4F7556}") = "The6Bits.SMTPEmailService", "The6Bits.EmailService\The6Bits.SMTPEmailService.csproj", "{2AA2FFCB-096E-48F8-A272-C611EC9A39E1}"
EndProject
Project("{9A19103F-16F7-4668-BE54-9A1E7A4F7556}") = "The6Bits.Authentication.Tests", "Tests\The6Bits.Authentication.Tests\The6Bits.Authentication.Tests.csproj", "{FE1CBE8E-4CFE-46E7-AEEB-0F2775D203B1}"
EndProject
Project("{9A19103F-16F7-4668-BE54-9A1E7A4F7556}") = "The6Bits.HashAndSaltService", "The6Bits.HashAndSaltService\The6Bits.HashAndSaltService.csproj", "{97955FFB-21D4-44B1-94D2-0527FC0D1DB5}"
EndProject
Project("{9A19103F-16F7-4668-BE54-9A1E7A4F7556}") = "The6Bits.HashAndSaltService.Tests", "Tests\The6Bits.HashAndSaltService.Tests\The6Bits.HashAndSaltService.Tests.csproj", "{F2D52A85-D7DB-40E9-909A-C798AAC61B90}"
EndProject
Project("{2150E333-8FDC-42A3-9474-1A3956D46DE8}") = "APIS", "APIS", "{7CDBA9F0-FA15-4208-B10B-FBBA352FE18C}"
EndProject
Project("{FAE04EC0-301F-11D3-BF4B-00C04F79EFBC}") = "FoodAPI", "FoodAPI\FoodAPI.csproj", "{6F5AEE68-F998-4A26-8AA8-AC2A7BF0C423}"
EndProject
Global
	GlobalSection(SolutionConfigurationPlatforms) = preSolution
		Debug|Any CPU = Debug|Any CPU
		Release|Any CPU = Release|Any CPU
	EndGlobalSection
	GlobalSection(ProjectConfigurationPlatforms) = postSolution
		{56AB64F0-28A5-4502-BCED-414A4476EC77}.Debug|Any CPU.ActiveCfg = Debug|Any CPU
		{56AB64F0-28A5-4502-BCED-414A4476EC77}.Debug|Any CPU.Build.0 = Debug|Any CPU
		{56AB64F0-28A5-4502-BCED-414A4476EC77}.Release|Any CPU.ActiveCfg = Release|Any CPU
		{56AB64F0-28A5-4502-BCED-414A4476EC77}.Release|Any CPU.Build.0 = Release|Any CPU
		{54B24C94-87DC-4B48-B133-2E9E29FF1B81}.Debug|Any CPU.ActiveCfg = Debug|Any CPU
		{54B24C94-87DC-4B48-B133-2E9E29FF1B81}.Debug|Any CPU.Build.0 = Debug|Any CPU
		{54B24C94-87DC-4B48-B133-2E9E29FF1B81}.Release|Any CPU.ActiveCfg = Release|Any CPU
		{54B24C94-87DC-4B48-B133-2E9E29FF1B81}.Release|Any CPU.Build.0 = Release|Any CPU
		{D7327072-6523-48C9-8198-F4B48C666604}.Debug|Any CPU.ActiveCfg = Debug|Any CPU
		{D7327072-6523-48C9-8198-F4B48C666604}.Debug|Any CPU.Build.0 = Debug|Any CPU
		{D7327072-6523-48C9-8198-F4B48C666604}.Release|Any CPU.ActiveCfg = Release|Any CPU
		{D7327072-6523-48C9-8198-F4B48C666604}.Release|Any CPU.Build.0 = Release|Any CPU
		{445216F7-730F-4498-9E75-FC687BEA775F}.Debug|Any CPU.ActiveCfg = Debug|Any CPU
		{445216F7-730F-4498-9E75-FC687BEA775F}.Debug|Any CPU.Build.0 = Debug|Any CPU
		{445216F7-730F-4498-9E75-FC687BEA775F}.Release|Any CPU.ActiveCfg = Release|Any CPU
		{445216F7-730F-4498-9E75-FC687BEA775F}.Release|Any CPU.Build.0 = Release|Any CPU
		{341827C8-53AE-4F45-A74D-27E2EFCF1C73}.Debug|Any CPU.ActiveCfg = Debug|Any CPU
		{341827C8-53AE-4F45-A74D-27E2EFCF1C73}.Debug|Any CPU.Build.0 = Debug|Any CPU
		{341827C8-53AE-4F45-A74D-27E2EFCF1C73}.Release|Any CPU.ActiveCfg = Release|Any CPU
		{341827C8-53AE-4F45-A74D-27E2EFCF1C73}.Release|Any CPU.Build.0 = Release|Any CPU
		{AF19AC61-C862-4A74-8CAF-B92CF6A99452}.Debug|Any CPU.ActiveCfg = Debug|Any CPU
		{AF19AC61-C862-4A74-8CAF-B92CF6A99452}.Debug|Any CPU.Build.0 = Debug|Any CPU
		{AF19AC61-C862-4A74-8CAF-B92CF6A99452}.Release|Any CPU.ActiveCfg = Release|Any CPU
		{AF19AC61-C862-4A74-8CAF-B92CF6A99452}.Release|Any CPU.Build.0 = Release|Any CPU
		{10305673-FC2B-45CA-A4AB-4684EBE6AFB4}.Debug|Any CPU.ActiveCfg = Debug|Any CPU
		{10305673-FC2B-45CA-A4AB-4684EBE6AFB4}.Debug|Any CPU.Build.0 = Debug|Any CPU
		{10305673-FC2B-45CA-A4AB-4684EBE6AFB4}.Release|Any CPU.ActiveCfg = Release|Any CPU
		{10305673-FC2B-45CA-A4AB-4684EBE6AFB4}.Release|Any CPU.Build.0 = Release|Any CPU
		{D79C8CD7-E325-41E1-BD71-5FFCEFFF0B6D}.Debug|Any CPU.ActiveCfg = Debug|Any CPU
		{D79C8CD7-E325-41E1-BD71-5FFCEFFF0B6D}.Debug|Any CPU.Build.0 = Debug|Any CPU
		{D79C8CD7-E325-41E1-BD71-5FFCEFFF0B6D}.Release|Any CPU.ActiveCfg = Release|Any CPU
		{D79C8CD7-E325-41E1-BD71-5FFCEFFF0B6D}.Release|Any CPU.Build.0 = Release|Any CPU
		{CC1E728B-E33D-45D5-999B-55ACD879391C}.Debug|Any CPU.ActiveCfg = Debug|Any CPU
		{CC1E728B-E33D-45D5-999B-55ACD879391C}.Debug|Any CPU.Build.0 = Debug|Any CPU
		{CC1E728B-E33D-45D5-999B-55ACD879391C}.Release|Any CPU.ActiveCfg = Release|Any CPU
		{CC1E728B-E33D-45D5-999B-55ACD879391C}.Release|Any CPU.Build.0 = Release|Any CPU
		{132F4EF6-F6AF-4A9B-8C30-BA5A0E912648}.Debug|Any CPU.ActiveCfg = Debug|Any CPU
		{132F4EF6-F6AF-4A9B-8C30-BA5A0E912648}.Debug|Any CPU.Build.0 = Debug|Any CPU
		{132F4EF6-F6AF-4A9B-8C30-BA5A0E912648}.Release|Any CPU.ActiveCfg = Release|Any CPU
		{132F4EF6-F6AF-4A9B-8C30-BA5A0E912648}.Release|Any CPU.Build.0 = Release|Any CPU
		{5C85CA0C-9442-4807-B053-5A7825CD83EB}.Debug|Any CPU.ActiveCfg = Debug|Any CPU
		{5C85CA0C-9442-4807-B053-5A7825CD83EB}.Debug|Any CPU.Build.0 = Debug|Any CPU
		{5C85CA0C-9442-4807-B053-5A7825CD83EB}.Release|Any CPU.ActiveCfg = Release|Any CPU
		{5C85CA0C-9442-4807-B053-5A7825CD83EB}.Release|Any CPU.Build.0 = Release|Any CPU
		{B9E84952-E4B2-48BB-A7CD-89197F6B5A77}.Debug|Any CPU.ActiveCfg = Debug|Any CPU
		{B9E84952-E4B2-48BB-A7CD-89197F6B5A77}.Debug|Any CPU.Build.0 = Debug|Any CPU
		{B9E84952-E4B2-48BB-A7CD-89197F6B5A77}.Release|Any CPU.ActiveCfg = Release|Any CPU
		{B9E84952-E4B2-48BB-A7CD-89197F6B5A77}.Release|Any CPU.Build.0 = Release|Any CPU
		{2F46774B-4C38-4202-9FF8-522280B27B7A}.Debug|Any CPU.ActiveCfg = Debug|Any CPU
		{2F46774B-4C38-4202-9FF8-522280B27B7A}.Debug|Any CPU.Build.0 = Debug|Any CPU
		{2F46774B-4C38-4202-9FF8-522280B27B7A}.Release|Any CPU.ActiveCfg = Release|Any CPU
		{2F46774B-4C38-4202-9FF8-522280B27B7A}.Release|Any CPU.Build.0 = Release|Any CPU
		{119CE180-1661-4091-91E6-ACBE39D37091}.Debug|Any CPU.ActiveCfg = Debug|Any CPU
		{119CE180-1661-4091-91E6-ACBE39D37091}.Debug|Any CPU.Build.0 = Debug|Any CPU
		{119CE180-1661-4091-91E6-ACBE39D37091}.Release|Any CPU.ActiveCfg = Release|Any CPU
		{119CE180-1661-4091-91E6-ACBE39D37091}.Release|Any CPU.Build.0 = Release|Any CPU
		{DD54B656-0F37-4227-8469-F21C9D44DD52}.Debug|Any CPU.ActiveCfg = Debug|Any CPU
		{DD54B656-0F37-4227-8469-F21C9D44DD52}.Debug|Any CPU.Build.0 = Debug|Any CPU
		{DD54B656-0F37-4227-8469-F21C9D44DD52}.Release|Any CPU.ActiveCfg = Release|Any CPU
		{DD54B656-0F37-4227-8469-F21C9D44DD52}.Release|Any CPU.Build.0 = Release|Any CPU
		{2AA2FFCB-096E-48F8-A272-C611EC9A39E1}.Debug|Any CPU.ActiveCfg = Debug|Any CPU
		{2AA2FFCB-096E-48F8-A272-C611EC9A39E1}.Debug|Any CPU.Build.0 = Debug|Any CPU
		{2AA2FFCB-096E-48F8-A272-C611EC9A39E1}.Release|Any CPU.ActiveCfg = Release|Any CPU
		{2AA2FFCB-096E-48F8-A272-C611EC9A39E1}.Release|Any CPU.Build.0 = Release|Any CPU
		{FE1CBE8E-4CFE-46E7-AEEB-0F2775D203B1}.Debug|Any CPU.ActiveCfg = Debug|Any CPU
		{FE1CBE8E-4CFE-46E7-AEEB-0F2775D203B1}.Debug|Any CPU.Build.0 = Debug|Any CPU
		{FE1CBE8E-4CFE-46E7-AEEB-0F2775D203B1}.Release|Any CPU.ActiveCfg = Release|Any CPU
		{FE1CBE8E-4CFE-46E7-AEEB-0F2775D203B1}.Release|Any CPU.Build.0 = Release|Any CPU
		{97955FFB-21D4-44B1-94D2-0527FC0D1DB5}.Debug|Any CPU.ActiveCfg = Debug|Any CPU
		{97955FFB-21D4-44B1-94D2-0527FC0D1DB5}.Debug|Any CPU.Build.0 = Debug|Any CPU
		{97955FFB-21D4-44B1-94D2-0527FC0D1DB5}.Release|Any CPU.ActiveCfg = Release|Any CPU
		{97955FFB-21D4-44B1-94D2-0527FC0D1DB5}.Release|Any CPU.Build.0 = Release|Any CPU
		{F2D52A85-D7DB-40E9-909A-C798AAC61B90}.Debug|Any CPU.ActiveCfg = Debug|Any CPU
		{F2D52A85-D7DB-40E9-909A-C798AAC61B90}.Debug|Any CPU.Build.0 = Debug|Any CPU
		{F2D52A85-D7DB-40E9-909A-C798AAC61B90}.Release|Any CPU.ActiveCfg = Release|Any CPU
		{F2D52A85-D7DB-40E9-909A-C798AAC61B90}.Release|Any CPU.Build.0 = Release|Any CPU
		{6F5AEE68-F998-4A26-8AA8-AC2A7BF0C423}.Debug|Any CPU.ActiveCfg = Debug|Any CPU
		{6F5AEE68-F998-4A26-8AA8-AC2A7BF0C423}.Debug|Any CPU.Build.0 = Debug|Any CPU
		{6F5AEE68-F998-4A26-8AA8-AC2A7BF0C423}.Release|Any CPU.ActiveCfg = Release|Any CPU
		{6F5AEE68-F998-4A26-8AA8-AC2A7BF0C423}.Release|Any CPU.Build.0 = Release|Any CPU
	EndGlobalSection
	GlobalSection(SolutionProperties) = preSolution
		HideSolutionNode = FALSE
	EndGlobalSection
	GlobalSection(NestedProjects) = preSolution
		{56AB64F0-28A5-4502-BCED-414A4476EC77} = {D8459BE7-A930-4B65-B2BE-42A22BF68C8F}
		{10305673-FC2B-45CA-A4AB-4684EBE6AFB4} = {D8459BE7-A930-4B65-B2BE-42A22BF68C8F}
		{D79C8CD7-E325-41E1-BD71-5FFCEFFF0B6D} = {D8459BE7-A930-4B65-B2BE-42A22BF68C8F}
		{B9E84952-E4B2-48BB-A7CD-89197F6B5A77} = {FA5BFC28-6E48-4A14-8698-79CA6508D73A}
		{2F46774B-4C38-4202-9FF8-522280B27B7A} = {FA5BFC28-6E48-4A14-8698-79CA6508D73A}
		{119CE180-1661-4091-91E6-ACBE39D37091} = {FA5BFC28-6E48-4A14-8698-79CA6508D73A}
		{6BAA515F-55E7-4BA9-9150-A36B473DE2C1} = {FA5BFC28-6E48-4A14-8698-79CA6508D73A}
		{FE1CBE8E-4CFE-46E7-AEEB-0F2775D203B1} = {FA5BFC28-6E48-4A14-8698-79CA6508D73A}
		{F2D52A85-D7DB-40E9-909A-C798AAC61B90} = {FA5BFC28-6E48-4A14-8698-79CA6508D73A}
		{6F5AEE68-F998-4A26-8AA8-AC2A7BF0C423} = {7CDBA9F0-FA15-4208-B10B-FBBA352FE18C}
	EndGlobalSection
	GlobalSection(ExtensibilityGlobals) = postSolution
		SolutionGuid = {68B84F46-5EA5-4F10-B710-F84F25054F70}
	EndGlobalSection
EndGlobal
