
Microsoft Visual Studio Solution File, Format Version 12.00
# Visual Studio Version 17
VisualStudioVersion = 17.0.31912.275
MinimumVisualStudioVersion = 10.0.40219.1
Project("{9A19103F-16F7-4668-BE54-9A1E7A4F7556}") = "The6Bits.Logging", "The6Bits.BitOHealth.Logging\The6Bits.Logging.csproj", "{56AB64F0-28A5-4502-BCED-414A4476EC77}"
	ProjectSection(ProjectDependencies) = postProject
		{341827C8-53AE-4F45-A74D-27E2EFCF1C73} = {341827C8-53AE-4F45-A74D-27E2EFCF1C73}
	EndProjectSection
EndProject
Project("{2150E333-8FDC-42A3-9474-1A3956D46DE8}") = "Logging", "Logging", "{D8459BE7-A930-4B65-B2BE-42A22BF68C8F}"
EndProject
Project("{9A19103F-16F7-4668-BE54-9A1E7A4F7556}") = "The6Bits.Logging.Tests", "The6Bits.Logging.Tests\The6Bits.Logging.Tests.csproj", "{6D4E270E-A74B-4615-8A64-64DECB8865F1}"
EndProject
Project("{9A19103F-16F7-4668-BE54-9A1E7A4F7556}") = "The6Bits.BitOHealth.ServiceLayer", "The6Bits.BitOHealth.ServiceLayer\The6Bits.BitOHealth.ServiceLayer.csproj", "{54B24C94-87DC-4B48-B133-2E9E29FF1B81}"
EndProject
Project("{9A19103F-16F7-4668-BE54-9A1E7A4F7556}") = "The6Bits.BitOHealth.ControllerLayer", "The6Bits.BitOHealth.ControllerLayer\The6Bits.BitOHealth.ControllerLayer.csproj", "{D7327072-6523-48C9-8198-F4B48C666604}"
EndProject
Project("{2150E333-8FDC-42A3-9474-1A3956D46DE8}") = "Solution Items", "Solution Items", "{7E8B630E-9460-4545-81A0-9226DEC38766}"
	ProjectSection(SolutionItems) = preProject
		.gitignore = .gitignore
	EndProjectSection
EndProject
Project("{9A19103F-16F7-4668-BE54-9A1E7A4F7556}") = "The6Bits.BitOHealth.ManagerLayer", "The6Bits.BitOHealth.ManagerLayer\The6Bits.BitOHealth.ManagerLayer.csproj", "{445216F7-730F-4498-9E75-FC687BEA775F}"
EndProject
Project("{9A19103F-16F7-4668-BE54-9A1E7A4F7556}") = "The6Bits.BitOHealth.DAL.Tests", "The6Bits.BitOHealh.DAL.Tests\The6Bits.BitOHealth.DAL.Tests.csproj", "{2893112D-AF13-4E02-BC7C-041F6B8DF95B}"
EndProject
Project("{9A19103F-16F7-4668-BE54-9A1E7A4F7556}") = "The6Bits.BitOHealth.Models", "Models\The6Bits.BitOHealth.Models.csproj", "{341827C8-53AE-4F45-A74D-27E2EFCF1C73}"
EndProject
Project("{9A19103F-16F7-4668-BE54-9A1E7A4F7556}") = "The6Bits.BitOHealth.DAL", "The6Bits.BitOHealth.DAL\The6Bits.BitOHealth.DAL.csproj", "{AF19AC61-C862-4A74-8CAF-B92CF6A99452}"
EndProject
Project("{9A19103F-16F7-4668-BE54-9A1E7A4F7556}") = "The6Bits.Logging.DAL", "The6Bits.Logging.DAL\The6Bits.Logging.DAL.csproj", "{10305673-FC2B-45CA-A4AB-4684EBE6AFB4}"
EndProject
Project("{9A19103F-16F7-4668-BE54-9A1E7A4F7556}") = "The6Bits.Logging.Models", "The6Bits.Logging.Models\The6Bits.Logging.Models.csproj", "{D79C8CD7-E325-41E1-BD71-5FFCEFFF0B6D}"
EndProject
Project("{9A19103F-16F7-4668-BE54-9A1E7A4F7556}") = "The6Bits.BitOHealth.Demo", "The6Bits.BitOHealth.Demo\The6Bits.BitOHealth.Demo.csproj", "{1166BA7C-A3A8-4C86-B9B4-86591743597D}"
EndProject
Project("{9A19103F-16F7-4668-BE54-9A1E7A4F7556}") = "The6Bits.BitOHealth.ServiceLayer.Tests", "The6Bits.BitOHealth.ServiceLayer.Tests\The6Bits.BitOHealth.ServiceLayer.Tests.csproj", "{69B5C933-77B8-46F5-9A28-217483F8032E}"
EndProject
Project("{9A19103F-16F7-4668-BE54-9A1E7A4F7556}") = "The6Bits.BitOHealth.Authorization", "The6Bits.BitOHealth.Authorization\The6Bits.BitOHealth.Authorization.csproj", "{53C24895-BC8A-4AB4-BEF1-B0CD483FBE50}"
EndProject
Project("{FAE04EC0-301F-11D3-BF4B-00C04F79EFBC}") = "The6Bits.BitOHealth.Authorization.Tests", "The6Bits.BitOHealth.Authorization.Tests\The6Bits.BitOHealth.Authorization.Tests.csproj", "{1B83558A-43D4-422A-9EE9-9132FC3B581A}"
EndProject
Global
	GlobalSection(SolutionConfigurationPlatforms) = preSolution
		Debug|Any CPU = Debug|Any CPU
		Release|Any CPU = Release|Any CPU
	EndGlobalSection
	GlobalSection(ProjectConfigurationPlatforms) = postSolution
		{56AB64F0-28A5-4502-BCED-414A4476EC77}.Debug|Any CPU.ActiveCfg = Debug|Any CPU
		{56AB64F0-28A5-4502-BCED-414A4476EC77}.Debug|Any CPU.Build.0 = Debug|Any CPU
		{56AB64F0-28A5-4502-BCED-414A4476EC77}.Release|Any CPU.ActiveCfg = Release|Any CPU
		{56AB64F0-28A5-4502-BCED-414A4476EC77}.Release|Any CPU.Build.0 = Release|Any CPU
		{6D4E270E-A74B-4615-8A64-64DECB8865F1}.Debug|Any CPU.ActiveCfg = Debug|Any CPU
		{6D4E270E-A74B-4615-8A64-64DECB8865F1}.Debug|Any CPU.Build.0 = Debug|Any CPU
		{6D4E270E-A74B-4615-8A64-64DECB8865F1}.Release|Any CPU.ActiveCfg = Release|Any CPU
		{6D4E270E-A74B-4615-8A64-64DECB8865F1}.Release|Any CPU.Build.0 = Release|Any CPU
		{54B24C94-87DC-4B48-B133-2E9E29FF1B81}.Debug|Any CPU.ActiveCfg = Debug|Any CPU
		{54B24C94-87DC-4B48-B133-2E9E29FF1B81}.Debug|Any CPU.Build.0 = Debug|Any CPU
		{54B24C94-87DC-4B48-B133-2E9E29FF1B81}.Release|Any CPU.ActiveCfg = Release|Any CPU
		{54B24C94-87DC-4B48-B133-2E9E29FF1B81}.Release|Any CPU.Build.0 = Release|Any CPU
		{D7327072-6523-48C9-8198-F4B48C666604}.Debug|Any CPU.ActiveCfg = Debug|Any CPU
		{D7327072-6523-48C9-8198-F4B48C666604}.Debug|Any CPU.Build.0 = Debug|Any CPU
		{D7327072-6523-48C9-8198-F4B48C666604}.Release|Any CPU.ActiveCfg = Release|Any CPU
		{D7327072-6523-48C9-8198-F4B48C666604}.Release|Any CPU.Build.0 = Release|Any CPU
		{445216F7-730F-4498-9E75-FC687BEA775F}.Debug|Any CPU.ActiveCfg = Debug|Any CPU
		{445216F7-730F-4498-9E75-FC687BEA775F}.Debug|Any CPU.Build.0 = Debug|Any CPU
		{445216F7-730F-4498-9E75-FC687BEA775F}.Release|Any CPU.ActiveCfg = Release|Any CPU
		{445216F7-730F-4498-9E75-FC687BEA775F}.Release|Any CPU.Build.0 = Release|Any CPU
		{2893112D-AF13-4E02-BC7C-041F6B8DF95B}.Debug|Any CPU.ActiveCfg = Debug|Any CPU
		{2893112D-AF13-4E02-BC7C-041F6B8DF95B}.Debug|Any CPU.Build.0 = Debug|Any CPU
		{2893112D-AF13-4E02-BC7C-041F6B8DF95B}.Release|Any CPU.ActiveCfg = Release|Any CPU
		{2893112D-AF13-4E02-BC7C-041F6B8DF95B}.Release|Any CPU.Build.0 = Release|Any CPU
		{341827C8-53AE-4F45-A74D-27E2EFCF1C73}.Debug|Any CPU.ActiveCfg = Debug|Any CPU
		{341827C8-53AE-4F45-A74D-27E2EFCF1C73}.Debug|Any CPU.Build.0 = Debug|Any CPU
		{341827C8-53AE-4F45-A74D-27E2EFCF1C73}.Release|Any CPU.ActiveCfg = Release|Any CPU
		{341827C8-53AE-4F45-A74D-27E2EFCF1C73}.Release|Any CPU.Build.0 = Release|Any CPU
		{AF19AC61-C862-4A74-8CAF-B92CF6A99452}.Debug|Any CPU.ActiveCfg = Debug|Any CPU
		{AF19AC61-C862-4A74-8CAF-B92CF6A99452}.Debug|Any CPU.Build.0 = Debug|Any CPU
		{AF19AC61-C862-4A74-8CAF-B92CF6A99452}.Release|Any CPU.ActiveCfg = Release|Any CPU
		{AF19AC61-C862-4A74-8CAF-B92CF6A99452}.Release|Any CPU.Build.0 = Release|Any CPU
		{10305673-FC2B-45CA-A4AB-4684EBE6AFB4}.Debug|Any CPU.ActiveCfg = Debug|Any CPU
		{10305673-FC2B-45CA-A4AB-4684EBE6AFB4}.Debug|Any CPU.Build.0 = Debug|Any CPU
		{10305673-FC2B-45CA-A4AB-4684EBE6AFB4}.Release|Any CPU.ActiveCfg = Release|Any CPU
		{10305673-FC2B-45CA-A4AB-4684EBE6AFB4}.Release|Any CPU.Build.0 = Release|Any CPU
		{D79C8CD7-E325-41E1-BD71-5FFCEFFF0B6D}.Debug|Any CPU.ActiveCfg = Debug|Any CPU
		{D79C8CD7-E325-41E1-BD71-5FFCEFFF0B6D}.Debug|Any CPU.Build.0 = Debug|Any CPU
		{D79C8CD7-E325-41E1-BD71-5FFCEFFF0B6D}.Release|Any CPU.ActiveCfg = Release|Any CPU
		{D79C8CD7-E325-41E1-BD71-5FFCEFFF0B6D}.Release|Any CPU.Build.0 = Release|Any CPU
		{1166BA7C-A3A8-4C86-B9B4-86591743597D}.Debug|Any CPU.ActiveCfg = Debug|Any CPU
		{1166BA7C-A3A8-4C86-B9B4-86591743597D}.Debug|Any CPU.Build.0 = Debug|Any CPU
		{1166BA7C-A3A8-4C86-B9B4-86591743597D}.Release|Any CPU.ActiveCfg = Release|Any CPU
		{1166BA7C-A3A8-4C86-B9B4-86591743597D}.Release|Any CPU.Build.0 = Release|Any CPU
		{69B5C933-77B8-46F5-9A28-217483F8032E}.Debug|Any CPU.ActiveCfg = Debug|Any CPU
		{69B5C933-77B8-46F5-9A28-217483F8032E}.Debug|Any CPU.Build.0 = Debug|Any CPU
		{69B5C933-77B8-46F5-9A28-217483F8032E}.Release|Any CPU.ActiveCfg = Release|Any CPU
		{69B5C933-77B8-46F5-9A28-217483F8032E}.Release|Any CPU.Build.0 = Release|Any CPU
		{53C24895-BC8A-4AB4-BEF1-B0CD483FBE50}.Debug|Any CPU.ActiveCfg = Debug|Any CPU
		{53C24895-BC8A-4AB4-BEF1-B0CD483FBE50}.Debug|Any CPU.Build.0 = Debug|Any CPU
		{53C24895-BC8A-4AB4-BEF1-B0CD483FBE50}.Release|Any CPU.ActiveCfg = Release|Any CPU
		{53C24895-BC8A-4AB4-BEF1-B0CD483FBE50}.Release|Any CPU.Build.0 = Release|Any CPU
		{1B83558A-43D4-422A-9EE9-9132FC3B581A}.Debug|Any CPU.ActiveCfg = Debug|Any CPU
		{1B83558A-43D4-422A-9EE9-9132FC3B581A}.Debug|Any CPU.Build.0 = Debug|Any CPU
		{1B83558A-43D4-422A-9EE9-9132FC3B581A}.Release|Any CPU.ActiveCfg = Release|Any CPU
		{1B83558A-43D4-422A-9EE9-9132FC3B581A}.Release|Any CPU.Build.0 = Release|Any CPU
	EndGlobalSection
	GlobalSection(SolutionProperties) = preSolution
		HideSolutionNode = FALSE
	EndGlobalSection
	GlobalSection(NestedProjects) = preSolution
		{56AB64F0-28A5-4502-BCED-414A4476EC77} = {D8459BE7-A930-4B65-B2BE-42A22BF68C8F}
		{6D4E270E-A74B-4615-8A64-64DECB8865F1} = {D8459BE7-A930-4B65-B2BE-42A22BF68C8F}
		{10305673-FC2B-45CA-A4AB-4684EBE6AFB4} = {D8459BE7-A930-4B65-B2BE-42A22BF68C8F}
		{D79C8CD7-E325-41E1-BD71-5FFCEFFF0B6D} = {D8459BE7-A930-4B65-B2BE-42A22BF68C8F}
	EndGlobalSection
	GlobalSection(ExtensibilityGlobals) = postSolution
		SolutionGuid = {68B84F46-5EA5-4F10-B710-F84F25054F70}
	EndGlobalSection
EndGlobal
